{
    "_readme": [
        "This file locks the dependencies of your project to a known state",
        "Read more about it at https://getcomposer.org/doc/01-basic-usage.md#installing-dependencies",
        "This file is @generated automatically"
    ],
    "content-hash": "1646446312312d59e41b52a0f2f5766a",
    "packages": [
        {
            "name": "nikic/php-parser",
            "version": "v4.19.1",
            "source": {
                "type": "git",
                "url": "https://github.com/nikic/PHP-Parser.git",
                "reference": "4e1b88d21c69391150ace211e9eaf05810858d0b"
            },
            "dist": {
                "type": "zip",
                "url": "https://api.github.com/repos/nikic/PHP-Parser/zipball/4e1b88d21c69391150ace211e9eaf05810858d0b",
                "reference": "4e1b88d21c69391150ace211e9eaf05810858d0b",
                "shasum": ""
            },
            "require": {
                "ext-tokenizer": "*",
                "php": ">=7.1"
            },
            "require-dev": {
                "ircmaxell/php-yacc": "^0.0.7",
                "phpunit/phpunit": "^6.5 || ^7.0 || ^8.0 || ^9.0"
            },
            "bin": [
                "bin/php-parse"
            ],
            "type": "library",
            "extra": {
                "branch-alias": {
                    "dev-master": "4.9-dev"
                }
            },
            "autoload": {
                "psr-4": {
                    "PhpParser\\": "lib/PhpParser"
                }
            },
            "notification-url": "https://packagist.org/downloads/",
            "license": [
                "BSD-3-Clause"
            ],
            "authors": [
                {
                    "name": "Nikita Popov"
                }
            ],
            "description": "A PHP parser written in PHP",
            "keywords": [
                "parser",
                "php"
            ],
            "support": {
                "issues": "https://github.com/nikic/PHP-Parser/issues",
                "source": "https://github.com/nikic/PHP-Parser/tree/v4.19.1"
            },
            "time": "2024-03-17T08:10:35+00:00"
        },
        {
            "name": "phpstan/phpdoc-parser",
            "version": "1.30.1",
            "source": {
                "type": "git",
                "url": "https://github.com/phpstan/phpdoc-parser.git",
                "reference": "51b95ec8670af41009e2b2b56873bad96682413e"
            },
            "dist": {
                "type": "zip",
                "url": "https://api.github.com/repos/phpstan/phpdoc-parser/zipball/51b95ec8670af41009e2b2b56873bad96682413e",
                "reference": "51b95ec8670af41009e2b2b56873bad96682413e",
                "shasum": ""
            },
            "require": {
                "php": "^7.2 || ^8.0"
            },
            "require-dev": {
                "doctrine/annotations": "^2.0",
                "nikic/php-parser": "^4.15",
                "php-parallel-lint/php-parallel-lint": "^1.2",
                "phpstan/extension-installer": "^1.0",
                "phpstan/phpstan": "^1.5",
                "phpstan/phpstan-phpunit": "^1.1",
                "phpstan/phpstan-strict-rules": "^1.0",
                "phpunit/phpunit": "^9.5",
                "symfony/process": "^5.2"
            },
            "type": "library",
            "autoload": {
                "psr-4": {
                    "PHPStan\\PhpDocParser\\": [
                        "src/"
                    ]
                }
            },
            "notification-url": "https://packagist.org/downloads/",
            "license": [
                "MIT"
            ],
            "description": "PHPDoc parser with support for nullable, intersection and generic types",
            "support": {
                "issues": "https://github.com/phpstan/phpdoc-parser/issues",
                "source": "https://github.com/phpstan/phpdoc-parser/tree/1.30.1"
            },
            "time": "2024-09-07T20:13:05+00:00"
        },
        {
            "name": "smeghead/php-class-diagram",
            "version": "v1.3.1",
            "source": {
                "type": "git",
                "url": "https://github.com/smeghead/php-class-diagram.git",
                "reference": "892a834c6cf2bcd8dc5a897c7b7744d592271927"
            },
            "dist": {
                "type": "zip",
                "url": "https://api.github.com/repos/smeghead/php-class-diagram/zipball/892a834c6cf2bcd8dc5a897c7b7744d592271927",
                "reference": "892a834c6cf2bcd8dc5a897c7b7744d592271927",
                "shasum": ""
            },
            "require": {
                "nikic/php-parser": "^4.13",
                "php": ">=8.0",
                "phpstan/phpdoc-parser": "^1.23",
                "symfony/finder": "^5.3|^6.0"
            },
            "require-dev": {
                "clue/phar-composer": "^1.2",
                "phpstan/phpstan": "^1.10",
                "phpunit/phpunit": "^9.5",
                "smeghead/php-vendor-credits": "~0.0.4"
            },
            "bin": [
                "bin/php-class-diagram"
            ],
            "type": "library",
            "autoload": {
                "psr-4": {
                    "Smeghead\\PhpClassDiagram\\": "src/"
                }
            },
            "notification-url": "https://packagist.org/downloads/",
            "license": [
                "Apache-2.0"
            ],
            "authors": [
                {
                    "name": "smeghead",
                    "email": "smeghead7@gmail.com"
                }
            ],
            "description": "A CLI tool that parses the PHP source directory and outputs PlantUML scripts.",
            "keywords": [
                "classdiagram",
                "plantuml"
            ],
            "support": {
                "issues": "https://github.com/smeghead/php-class-diagram/issues",
                "source": "https://github.com/smeghead/php-class-diagram/tree/v1.3.1"
            },
            "time": "2024-07-06T13:59:31+00:00"
        },
        {
            "name": "symfony/finder",
            "version": "v6.4.11",
            "source": {
                "type": "git",
                "url": "https://github.com/symfony/finder.git",
                "reference": "d7eb6daf8cd7e9ac4976e9576b32042ef7253453"
            },
            "dist": {
                "type": "zip",
                "url": "https://api.github.com/repos/symfony/finder/zipball/d7eb6daf8cd7e9ac4976e9576b32042ef7253453",
                "reference": "d7eb6daf8cd7e9ac4976e9576b32042ef7253453",
                "shasum": ""
            },
            "require": {
                "php": ">=8.1"
            },
            "require-dev": {
                "symfony/filesystem": "^6.0|^7.0"
            },
            "type": "library",
            "autoload": {
                "psr-4": {
                    "Symfony\\Component\\Finder\\": ""
                },
                "exclude-from-classmap": [
                    "/Tests/"
                ]
            },
            "notification-url": "https://packagist.org/downloads/",
            "license": [
                "MIT"
            ],
            "authors": [
                {
                    "name": "Fabien Potencier",
                    "email": "fabien@symfony.com"
                },
                {
                    "name": "Symfony Community",
                    "homepage": "https://symfony.com/contributors"
                }
            ],
            "description": "Finds files and directories via an intuitive fluent interface",
            "homepage": "https://symfony.com",
            "support": {
                "source": "https://github.com/symfony/finder/tree/v6.4.11"
            },
            "funding": [
                {
                    "url": "https://symfony.com/sponsor",
                    "type": "custom"
                },
                {
                    "url": "https://github.com/fabpot",
                    "type": "github"
                },
                {
                    "url": "https://tidelift.com/funding/github/packagist/symfony/symfony",
                    "type": "tidelift"
                }
            ],
            "time": "2024-08-13T14:27:37+00:00"
        }
    ],
    "packages-dev": [],
    "aliases": [],
    "minimum-stability": "stable",
    "stability-flags": [],
    "prefer-stable": false,
    "prefer-lowest": false,
    "platform": [],
    "platform-dev": [],
    "plugin-api-version": "2.2.0"
}
